{
  "lib\\ens-contracts": {
    "tag": {
      "name": "v1.6.0",
      "rev": "718b1c0058482126431000818c92b411bdf74007"
    }
  },
  "lib\\forge-std": {
    "tag": {
      "name": "v1.12.0",
      "rev": "7117c90c8cf6c68e5acce4f09a6b24715cea4de6"
    }
  },
  "lib\\openzeppelin-contracts": {
    "tag": {
      "name": "v4.9.3",
      "rev": "fd81a96f01cc42ef1c9a5399364968d0e07e9e90"
    }
  },
  "lib/seadrop": {
    "rev": "6ab8b2ce1da7a750301fa34eb60a2bb8b26aebc1"
  }
}